
Microsoft Visual Studio Solution File, Format Version 12.00
# Visual Studio 2013
VisualStudioVersion = 12.0.31101.0
MinimumVisualStudioVersion = 10.0.40219.1
Project("{FAE04EC0-301F-11D3-BF4B-00C04F79EFBC}") = "Rpavy.Objects", "Objects/Rpavy.Objects.csproj", "{A013C191-7117-4CBF-9D1E-2A2E78F1C099}"
EndProject
Project("{FAE04EC0-301F-11D3-BF4B-00C04F79EFBC}") = "Rpavy.ODataBackend", "ODataBackend/Rpavy.ODataBackend.csproj", "{CBF6597C-84A1-4416-9CE5-3EF53ABA2F53}"
EndProject
Global
	GlobalSection(SolutionConfigurationPlatforms) = preSolution
Debug|Any CPU = Debug|Any CPU
Release|Any CPU = Release|Any CPU
	EndGlobalSection
	GlobalSection(ProjectConfigurationPlatforms) = postSolution
		{A013C191-7117-4CBF-9D1E-2A2E78F1C099}.Debug|Any CPU.ActiveCfg = Debug|Any CPU
		{A013C191-7117-4CBF-9D1E-2A2E78F1C099}.Debug|Any CPU.Build.0 = Debug|Any CPU
		{A013C191-7117-4CBF-9D1E-2A2E78F1C099}.Release|Any CPU.ActiveCfg = Release|Any CPU
		{A013C191-7117-4CBF-9D1E-2A2E78F1C099}.Release|Any CPU.Build.0 = Release|Any CPU
		{CBF6597C-84A1-4416-9CE5-3EF53ABA2F53}.Debug|Any CPU.ActiveCfg = Debug|Any CPU
		{CBF6597C-84A1-4416-9CE5-3EF53ABA2F53}.Debug|Any CPU.Build.0 = Debug|Any CPU
		{CBF6597C-84A1-4416-9CE5-3EF53ABA2F53}.Release|Any CPU.ActiveCfg = Release|Any CPU
		{CBF6597C-84A1-4416-9CE5-3EF53ABA2F53}.Release|Any CPU.Build.0 = Release|Any CPU
	EndGlobalSection
	GlobalSection(SolutionProperties) = preSolution
		HideSolutionNode = FALSE
	EndGlobalSection
EndGlobal
